
Microsoft Visual Studio Solution File, Format Version 12.00
# Visual Studio Version 16
VisualStudioVersion = 16.0.32929.386
MinimumVisualStudioVersion = 10.0.40219.1
Project("{9A19103F-16F7-4668-BE54-9A1E7A4F7556}") = "MainProject", "MainProject\MainProject.csproj", "{FA36183B-9DF7-4ACB-8C2D-41F2E5A2D967}"
EndProject
Project("{9A19103F-16F7-4668-BE54-9A1E7A4F7556}") = "JsonProviderLibrary", "JsonProviderLibrary\JsonProviderLibrary.csproj", "{3716B84A-4FF6-4413-BA93-178793B22886}"
EndProject
Project("{9A19103F-16F7-4668-BE54-9A1E7A4F7556}") = "XmlProviderLibrary", "XmlProviderLibrary\XmlProviderLibrary.csproj", "{D3C4EE22-1304-4626-8CFB-5E85B0465B6B}"
EndProject
Project("{9A19103F-16F7-4668-BE54-9A1E7A4F7556}") = "Core", "Core\Core.csproj", "{4E5A6735-EF10-446E-B9FC-E933357F2FFF}"
EndProject
Project("{9A19103F-16F7-4668-BE54-9A1E7A4F7556}") = "DBProviderLibrary", "DBProviderLibrary\DBProviderLibrary.csproj", "{B5A66BB2-6038-4CF1-A7F2-F66908EF01AB}"
EndProject
Global
	GlobalSection(SolutionConfigurationPlatforms) = preSolution
		Debug|Any CPU = Debug|Any CPU
		Release|Any CPU = Release|Any CPU
	EndGlobalSection
	GlobalSection(ProjectConfigurationPlatforms) = postSolution
		{FA36183B-9DF7-4ACB-8C2D-41F2E5A2D967}.Debug|Any CPU.ActiveCfg = Debug|Any CPU
		{FA36183B-9DF7-4ACB-8C2D-41F2E5A2D967}.Debug|Any CPU.Build.0 = Debug|Any CPU
		{FA36183B-9DF7-4ACB-8C2D-41F2E5A2D967}.Release|Any CPU.ActiveCfg = Release|Any CPU
		{FA36183B-9DF7-4ACB-8C2D-41F2E5A2D967}.Release|Any CPU.Build.0 = Release|Any CPU
		{3716B84A-4FF6-4413-BA93-178793B22886}.Debug|Any CPU.ActiveCfg = Debug|Any CPU
		{3716B84A-4FF6-4413-BA93-178793B22886}.Debug|Any CPU.Build.0 = Debug|Any CPU
		{3716B84A-4FF6-4413-BA93-178793B22886}.Release|Any CPU.ActiveCfg = Release|Any CPU
		{3716B84A-4FF6-4413-BA93-178793B22886}.Release|Any CPU.Build.0 = Release|Any CPU
		{D3C4EE22-1304-4626-8CFB-5E85B0465B6B}.Debug|Any CPU.ActiveCfg = Debug|Any CPU
		{D3C4EE22-1304-4626-8CFB-5E85B0465B6B}.Debug|Any CPU.Build.0 = Debug|Any CPU
		{D3C4EE22-1304-4626-8CFB-5E85B0465B6B}.Release|Any CPU.ActiveCfg = Release|Any CPU
		{D3C4EE22-1304-4626-8CFB-5E85B0465B6B}.Release|Any CPU.Build.0 = Release|Any CPU
		{4E5A6735-EF10-446E-B9FC-E933357F2FFF}.Debug|Any CPU.ActiveCfg = Debug|Any CPU
		{4E5A6735-EF10-446E-B9FC-E933357F2FFF}.Debug|Any CPU.Build.0 = Debug|Any CPU
		{4E5A6735-EF10-446E-B9FC-E933357F2FFF}.Release|Any CPU.ActiveCfg = Release|Any CPU
		{4E5A6735-EF10-446E-B9FC-E933357F2FFF}.Release|Any CPU.Build.0 = Release|Any CPU
		{B5A66BB2-6038-4CF1-A7F2-F66908EF01AB}.Debug|Any CPU.ActiveCfg = Debug|Any CPU
		{B5A66BB2-6038-4CF1-A7F2-F66908EF01AB}.Debug|Any CPU.Build.0 = Debug|Any CPU
		{B5A66BB2-6038-4CF1-A7F2-F66908EF01AB}.Release|Any CPU.ActiveCfg = Release|Any CPU
		{B5A66BB2-6038-4CF1-A7F2-F66908EF01AB}.Release|Any CPU.Build.0 = Release|Any CPU
	EndGlobalSection
	GlobalSection(SolutionProperties) = preSolution
		HideSolutionNode = FALSE
	EndGlobalSection
	GlobalSection(ExtensibilityGlobals) = postSolution
		SolutionGuid = {29F56216-CDFF-4A9D-B513-09B01C0EC833}
	EndGlobalSection
EndGlobal
